
Microsoft Visual Studio Solution File, Format Version 12.00
# Visual Studio Version 16
VisualStudioVersion = 16.0.31702.278
MinimumVisualStudioVersion = 10.0.40219.1
Project("{9A19103F-16F7-4668-BE54-9A1E7A4F7556}") = "DrinkMachine.API", "DrinkMachine.API\DrinkMachine.API.csproj", "{D96CC9A1-9286-491A-A762-7E47FB6EDC8D}"
EndProject
Project("{9A19103F-16F7-4668-BE54-9A1E7A4F7556}") = "DrinkMachine.Core", "DrinkMachine.Core\DrinkMachine.Core.csproj", "{CDA84434-3ECE-4F05-A547-D5FACA9C831A}"
EndProject
Project("{9A19103F-16F7-4668-BE54-9A1E7A4F7556}") = "DrinkMachine.Provider", "DrinkMachine.Provider\DrinkMachine.Provider.csproj", "{55CA1792-78D3-4F61-92B4-4D574B533BBF}"
EndProject
Project("{9A19103F-16F7-4668-BE54-9A1E7A4F7556}") = "DrinkMachine.Database", "DrinkMachine.Database\DrinkMachine.Database.csproj", "{60D2C972-0C19-4DF1-A485-F8489B91DA84}"
EndProject
Project("{FAE04EC0-301F-11D3-BF4B-00C04F79EFBC}") = "DrinkMachine.Tests", "DrikMachine.Tests\DrinkMachine.Tests.csproj", "{52C0F4EA-F90D-4B7E-9AE0-8EE7DD0E42B2}"
EndProject
Global
	GlobalSection(SolutionConfigurationPlatforms) = preSolution
		Debug|Any CPU = Debug|Any CPU
		Release|Any CPU = Release|Any CPU
	EndGlobalSection
	GlobalSection(ProjectConfigurationPlatforms) = postSolution
		{D96CC9A1-9286-491A-A762-7E47FB6EDC8D}.Debug|Any CPU.ActiveCfg = Debug|Any CPU
		{D96CC9A1-9286-491A-A762-7E47FB6EDC8D}.Debug|Any CPU.Build.0 = Debug|Any CPU
		{D96CC9A1-9286-491A-A762-7E47FB6EDC8D}.Release|Any CPU.ActiveCfg = Release|Any CPU
		{D96CC9A1-9286-491A-A762-7E47FB6EDC8D}.Release|Any CPU.Build.0 = Release|Any CPU
		{CDA84434-3ECE-4F05-A547-D5FACA9C831A}.Debug|Any CPU.ActiveCfg = Debug|Any CPU
		{CDA84434-3ECE-4F05-A547-D5FACA9C831A}.Debug|Any CPU.Build.0 = Debug|Any CPU
		{CDA84434-3ECE-4F05-A547-D5FACA9C831A}.Release|Any CPU.ActiveCfg = Release|Any CPU
		{CDA84434-3ECE-4F05-A547-D5FACA9C831A}.Release|Any CPU.Build.0 = Release|Any CPU
		{55CA1792-78D3-4F61-92B4-4D574B533BBF}.Debug|Any CPU.ActiveCfg = Debug|Any CPU
		{55CA1792-78D3-4F61-92B4-4D574B533BBF}.Debug|Any CPU.Build.0 = Debug|Any CPU
		{55CA1792-78D3-4F61-92B4-4D574B533BBF}.Release|Any CPU.ActiveCfg = Release|Any CPU
		{55CA1792-78D3-4F61-92B4-4D574B533BBF}.Release|Any CPU.Build.0 = Release|Any CPU
		{60D2C972-0C19-4DF1-A485-F8489B91DA84}.Debug|Any CPU.ActiveCfg = Debug|Any CPU
		{60D2C972-0C19-4DF1-A485-F8489B91DA84}.Debug|Any CPU.Build.0 = Debug|Any CPU
		{60D2C972-0C19-4DF1-A485-F8489B91DA84}.Release|Any CPU.ActiveCfg = Release|Any CPU
		{60D2C972-0C19-4DF1-A485-F8489B91DA84}.Release|Any CPU.Build.0 = Release|Any CPU
		{52C0F4EA-F90D-4B7E-9AE0-8EE7DD0E42B2}.Debug|Any CPU.ActiveCfg = Debug|Any CPU
		{52C0F4EA-F90D-4B7E-9AE0-8EE7DD0E42B2}.Debug|Any CPU.Build.0 = Debug|Any CPU
		{52C0F4EA-F90D-4B7E-9AE0-8EE7DD0E42B2}.Release|Any CPU.ActiveCfg = Release|Any CPU
		{52C0F4EA-F90D-4B7E-9AE0-8EE7DD0E42B2}.Release|Any CPU.Build.0 = Release|Any CPU
	EndGlobalSection
	GlobalSection(SolutionProperties) = preSolution
		HideSolutionNode = FALSE
	EndGlobalSection
	GlobalSection(ExtensibilityGlobals) = postSolution
		SolutionGuid = {3DD70BA2-AA84-4039-B95D-F27469E7D63B}
	EndGlobalSection
EndGlobal
